<?xml version="1.0" encoding="utf-8"?>
<Project ToolsVersion="4.0" xmlns="http://schemas.microsoft.com/developer/msbuild/2003">
  <ItemGroup>
    <Filter Include="Source Files">
      <UniqueIdentifier>{4FC737F1-C7A5-4376-A066-2A32D752A2FF}</UniqueIdentifier>
      <Extensions>cpp;c;cc;cxx;def;odl;idl;hpj;bat;asm;asmx</Extensions>
    </Filter>
    <Filter Include="Header Files">
      <UniqueIdentifier>{93995380-89BD-4b04-88EB-625FBE52EBFB}</UniqueIdentifier>
      <Extensions>h;hpp;hxx;hm;inl;inc;xsd</Extensions>
    </Filter>
  </ItemGroup>
  <ItemGroup>
    <ClCompile Include="Boundary_conditions.cpp">
      <Filter>Source Files</Filter>
    </ClCompile>
    <ClCompile Include="boundary_dirichlet.cpp">
      <Filter>Source Files</Filter>
    </ClCompile>
    <ClCompile Include="Boundary_Maxwell_conditions.cpp">
      <Filter>Source Files</Filter>
    </ClCompile>
    <ClCompile Include="boundary_neumann.cpp">
      <Filter>Source Files</Filter>
    </ClCompile>
    <ClCompile Include="Bunch.cpp">
      <Filter>Source Files</Filter>
    </ClCompile>
    <ClCompile Include="charge_density.cpp">
      <Filter>Source Files</Filter>
    </ClCompile>
    <ClCompile Include="current.cpp">
      <Filter>Source Files</Filter>
    </ClCompile>
    <ClCompile Include="E_field.cpp">
      <Filter>Source Files</Filter>
    </ClCompile>
    <ClCompile Include="field.cpp">
      <Filter>Source Files</Filter>
    </ClCompile>
    <ClCompile Include="Fourier.cpp">
      <Filter>Source Files</Filter>
    </ClCompile>
    <ClCompile Include="Geometry.cpp">
      <Filter>Source Files</Filter>
    </ClCompile>
    <ClCompile Include="H_field.cpp">
      <Filter>Source Files</Filter>
    </ClCompile>
    <ClCompile Include="input_output_class.cpp">
      <Filter>Source Files</Filter>
    </ClCompile>
    <ClCompile Include="Main.cpp">
      <Filter>Source Files</Filter>
    </ClCompile>
    <ClCompile Include="Particles.cpp">
      <Filter>Source Files</Filter>
    </ClCompile>
    <ClCompile Include="particles_list.cpp">
      <Filter>Source Files</Filter>
    </ClCompile>
    <ClCompile Include="PML.cpp">
      <Filter>Source Files</Filter>
    </ClCompile>
    <ClCompile Include="Poisson.cpp">
      <Filter>Source Files</Filter>
    </ClCompile>
    <ClCompile Include="Poisson_dirichlet.cpp">
      <Filter>Source Files</Filter>
    </ClCompile>
    <ClCompile Include="Poisson_neumann.cpp">
      <Filter>Source Files</Filter>
    </ClCompile>
    <ClCompile Include="pdp3_time.cpp">
      <Filter>Source Files</Filter>
    </ClCompile>
    <ClCompile Include="Triple.cpp">
      <Filter>Source Files</Filter>
    </ClCompile>
    <ClCompile Include="Test_class.cpp">
      <Filter>Source Files</Filter>
    </ClCompile>
    <ClCompile Include="Load_init_param.cpp">
      <Filter>Source Files</Filter>
    </ClCompile>
    <ClCompile Include="lib\tinyxml2\tinyxml2.cpp">
      <Filter>Source Files</Filter>
    </ClCompile>
  </ItemGroup>
  <ItemGroup>
    <ClInclude Include="Boundary_conditions.h">
      <Filter>Header Files</Filter>
    </ClInclude>
    <ClInclude Include="boundary_dirichlet.h">
      <Filter>Header Files</Filter>
    </ClInclude>
    <ClInclude Include="Boundary_Maxwell_conditions.h">
      <Filter>Header Files</Filter>
    </ClInclude>
    <ClInclude Include="boundary_neumann.h">
      <Filter>Header Files</Filter>
    </ClInclude>
    <ClInclude Include="Bunch.h">
      <Filter>Header Files</Filter>
    </ClInclude>
    <ClInclude Include="charge_density.h">
      <Filter>Header Files</Filter>
    </ClInclude>
    <ClInclude Include="Constant.h">
      <Filter>Header Files</Filter>
    </ClInclude>
    <ClInclude Include="current.h">
      <Filter>Header Files</Filter>
    </ClInclude>
    <ClInclude Include="E_field.h">
      <Filter>Header Files</Filter>
    </ClInclude>
    <ClInclude Include="field.h">
      <Filter>Header Files</Filter>
    </ClInclude>
    <ClInclude Include="Fourier.h">
      <Filter>Header Files</Filter>
    </ClInclude>
    <ClInclude Include="Geometry.h">
      <Filter>Header Files</Filter>
    </ClInclude>
    <ClInclude Include="H_field.h">
      <Filter>Header Files</Filter>
    </ClInclude>
    <ClInclude Include="input_output_class.h">
      <Filter>Header Files</Filter>
    </ClInclude>
    <ClInclude Include="Particles.h">
      <Filter>Header Files</Filter>
    </ClInclude>
    <ClInclude Include="particles_list.h">
      <Filter>Header Files</Filter>
    </ClInclude>
    <ClInclude Include="PML.h">
      <Filter>Header Files</Filter>
    </ClInclude>
    <ClInclude Include="Poisson.h">
      <Filter>Header Files</Filter>
    </ClInclude>
    <ClInclude Include="poisson_dirichlet.h">
      <Filter>Header Files</Filter>
    </ClInclude>
    <ClInclude Include="Poisson_neumann.h">
      <Filter>Header Files</Filter>
    </ClInclude>
    <ClInclude Include="resource1.h">
      <Filter>Header Files</Filter>
    </ClInclude>
    <ClInclude Include="Time.h">
      <Filter>Header Files</Filter>
    </ClInclude>
    <ClInclude Include="Triple.h">
      <Filter>Header Files</Filter>
    </ClInclude>
    <ClInclude Include="Test_class.h">
      <Filter>Header Files</Filter>
    </ClInclude>
    <ClInclude Include="Load_init_param.h">
      <Filter>Header Files</Filter>
    </ClInclude>
    <ClInclude Include="pdp3_time.h">
      <Filter>Header Files</Filter>
    </ClInclude>
    <ClInclude Include="wrapper.h">
      <Filter>Header Files</Filter>
    </ClInclude>
    <ClInclude Include="particles_struct.h">
      <Filter>Header Files</Filter>
    </ClInclude>
    <ClInclude Include="lib\tinyxml2\tinyxml2.h">
      <Filter>Header Files</Filter>
    </ClInclude>
  </ItemGroup>
  <ItemGroup>
    <None Include="PDP3.sln" />
    <None Include="j_weighting.cl" />
    <None Include="kern.cl" />
    <None Include="parameters.xml" />
  </ItemGroup>
</Project>
